
Microsoft Visual Studio Solution File, Format Version 12.00
# Visual Studio 15
VisualStudioVersion = 15.0.26730.16
MinimumVisualStudioVersion = 10.0.40219.1
Project("{F184B08F-C81C-45F6-A57F-5ABD9991F28F}") = "FollowTrailSoftware", "FollowTrailSoftware\FollowTrailSoftware.vbproj", "{55EFDF15-ACA2-48BE-9190-6B0F5D255D3B}"
EndProject
Global
	GlobalSection(SolutionConfigurationPlatforms) = preSolution
		Debug|Any CPU = Debug|Any CPU
		Debug|x64 = Debug|x64
		Release|Any CPU = Release|Any CPU
		Release|x64 = Release|x64
	EndGlobalSection
	GlobalSection(ProjectConfigurationPlatforms) = postSolution
		{55EFDF15-ACA2-48BE-9190-6B0F5D255D3B}.Debug|Any CPU.ActiveCfg = Debug|Any CPU
		{55EFDF15-ACA2-48BE-9190-6B0F5D255D3B}.Debug|Any CPU.Build.0 = Debug|Any CPU
		{55EFDF15-ACA2-48BE-9190-6B0F5D255D3B}.Debug|x64.ActiveCfg = Debug|x64
		{55EFDF15-ACA2-48BE-9190-6B0F5D255D3B}.Debug|x64.Build.0 = Debug|x64
		{55EFDF15-ACA2-48BE-9190-6B0F5D255D3B}.Release|Any CPU.ActiveCfg = Release|Any CPU
		{55EFDF15-ACA2-48BE-9190-6B0F5D255D3B}.Release|Any CPU.Build.0 = Release|Any CPU
		{55EFDF15-ACA2-48BE-9190-6B0F5D255D3B}.Release|x64.ActiveCfg = Release|x64
		{55EFDF15-ACA2-48BE-9190-6B0F5D255D3B}.Release|x64.Build.0 = Release|x64
	EndGlobalSection
	GlobalSection(SolutionProperties) = preSolution
		HideSolutionNode = FALSE
	EndGlobalSection
	GlobalSection(ExtensibilityGlobals) = postSolution
		SolutionGuid = {7D0BFDF2-C387-4843-8294-C6E60861BB95}
	EndGlobalSection
EndGlobal
